
Microsoft Visual Studio Solution File, Format Version 12.00
# Visual Studio Version 17
VisualStudioVersion = 17.4.33213.308
MinimumVisualStudioVersion = 10.0.40219.1
Project("{9A19103F-16F7-4668-BE54-9A1E7A4F7556}") = "TangoManagerAPI", "TangoManagerAPI\TangoManagerAPI.csproj", "{FFC27AE3-538B-4858-B725-9808BB8C0961}"
EndProject
Project("{9A19103F-16F7-4668-BE54-9A1E7A4F7556}") = "TangoManagerAPI.Entities", "TangoManagerAPI.Entities\TangoManagerAPI.Entities.csproj", "{4B0D1009-BE03-4E0C-947D-8F10B0B47B16}"
EndProject
Project("{9A19103F-16F7-4668-BE54-9A1E7A4F7556}") = "TangoManagerAPI.Infrastructures", "TangoManagerAPI.Infrastructures\TangoManagerAPI.Infrastructures.csproj", "{B2CD703B-43FB-4308-8D21-EA3C627FC2E9}"
EndProject
Project("{9A19103F-16F7-4668-BE54-9A1E7A4F7556}") = "ClassLibrary1", "ClassLibrary1\ClassLibrary1.csproj", "{5B558F66-BCC4-4BB3-BCA0-A9C403A48542}"
EndProject
Project("{2150E333-8FDC-42A3-9474-1A3956D46DE8}") = "Tests", "Tests", "{E38D72CF-5A58-417E-ADAC-E26AD02F28DE}"
EndProject
Project("{FAE04EC0-301F-11D3-BF4B-00C04F79EFBC}") = "TangoManagerAPI.Entities.Tests", "TangoManagerAPI.Entities.Tests\TangoManagerAPI.Entities.Tests.csproj", "{EADCACE9-09AD-4C29-8DCC-B560A55CD825}"
EndProject
Global
	GlobalSection(SolutionConfigurationPlatforms) = preSolution
		Debug|Any CPU = Debug|Any CPU
		Release|Any CPU = Release|Any CPU
	EndGlobalSection
	GlobalSection(ProjectConfigurationPlatforms) = postSolution
		{FFC27AE3-538B-4858-B725-9808BB8C0961}.Debug|Any CPU.ActiveCfg = Debug|Any CPU
		{FFC27AE3-538B-4858-B725-9808BB8C0961}.Debug|Any CPU.Build.0 = Debug|Any CPU
		{FFC27AE3-538B-4858-B725-9808BB8C0961}.Release|Any CPU.ActiveCfg = Release|Any CPU
		{FFC27AE3-538B-4858-B725-9808BB8C0961}.Release|Any CPU.Build.0 = Release|Any CPU
		{4B0D1009-BE03-4E0C-947D-8F10B0B47B16}.Debug|Any CPU.ActiveCfg = Debug|Any CPU
		{4B0D1009-BE03-4E0C-947D-8F10B0B47B16}.Debug|Any CPU.Build.0 = Debug|Any CPU
		{4B0D1009-BE03-4E0C-947D-8F10B0B47B16}.Release|Any CPU.ActiveCfg = Release|Any CPU
		{4B0D1009-BE03-4E0C-947D-8F10B0B47B16}.Release|Any CPU.Build.0 = Release|Any CPU
		{B2CD703B-43FB-4308-8D21-EA3C627FC2E9}.Debug|Any CPU.ActiveCfg = Debug|Any CPU
		{B2CD703B-43FB-4308-8D21-EA3C627FC2E9}.Debug|Any CPU.Build.0 = Debug|Any CPU
		{B2CD703B-43FB-4308-8D21-EA3C627FC2E9}.Release|Any CPU.ActiveCfg = Release|Any CPU
		{B2CD703B-43FB-4308-8D21-EA3C627FC2E9}.Release|Any CPU.Build.0 = Release|Any CPU
		{5B558F66-BCC4-4BB3-BCA0-A9C403A48542}.Debug|Any CPU.ActiveCfg = Debug|Any CPU
		{5B558F66-BCC4-4BB3-BCA0-A9C403A48542}.Debug|Any CPU.Build.0 = Debug|Any CPU
		{5B558F66-BCC4-4BB3-BCA0-A9C403A48542}.Release|Any CPU.ActiveCfg = Release|Any CPU
		{5B558F66-BCC4-4BB3-BCA0-A9C403A48542}.Release|Any CPU.Build.0 = Release|Any CPU
		{EADCACE9-09AD-4C29-8DCC-B560A55CD825}.Debug|Any CPU.ActiveCfg = Debug|Any CPU
		{EADCACE9-09AD-4C29-8DCC-B560A55CD825}.Debug|Any CPU.Build.0 = Debug|Any CPU
		{EADCACE9-09AD-4C29-8DCC-B560A55CD825}.Release|Any CPU.ActiveCfg = Release|Any CPU
		{EADCACE9-09AD-4C29-8DCC-B560A55CD825}.Release|Any CPU.Build.0 = Release|Any CPU
	EndGlobalSection
	GlobalSection(SolutionProperties) = preSolution
		HideSolutionNode = FALSE
	EndGlobalSection
	GlobalSection(NestedProjects) = preSolution
		{EADCACE9-09AD-4C29-8DCC-B560A55CD825} = {E38D72CF-5A58-417E-ADAC-E26AD02F28DE}
	EndGlobalSection
	GlobalSection(ExtensibilityGlobals) = postSolution
		SolutionGuid = {F9A5B47F-3234-4444-94EE-CDCEF6EE6E8B}
	EndGlobalSection
EndGlobal
